
Microsoft Visual Studio Solution File, Format Version 12.00
# Visual Studio 14
VisualStudioVersion = 14.0.25123.0
MinimumVisualStudioVersion = 10.0.40219.1
Project("{3DB61BFE-C3A5-47FA-A26A-391E71BBA7A4}") = "Sitecore.Support.150120", "Sitecore.Support.150120\Sitecore.Support.150120.csproj", "{F530029A-DCF3-4B71-AFE9-BB9F008E3789}"
EndProject
Global
	GlobalSection(SolutionConfigurationPlatforms) = preSolution
		Debug|Any CPU = Debug|Any CPU
		Release|Any CPU = Release|Any CPU
	EndGlobalSection
	GlobalSection(ProjectConfigurationPlatforms) = postSolution
		{F530029A-DCF3-4B71-AFE9-BB9F008E3789}.Debug|Any CPU.ActiveCfg = Debug|Any CPU
		{F530029A-DCF3-4B71-AFE9-BB9F008E3789}.Debug|Any CPU.Build.0 = Debug|Any CPU
		{F530029A-DCF3-4B71-AFE9-BB9F008E3789}.Release|Any CPU.ActiveCfg = Release|Any CPU
		{F530029A-DCF3-4B71-AFE9-BB9F008E3789}.Release|Any CPU.Build.0 = Release|Any CPU
	EndGlobalSection
	GlobalSection(SolutionProperties) = preSolution
		HideSolutionNode = FALSE
	EndGlobalSection
EndGlobal
